{
  "object": {
    "pins": [
      {
        "package": "Slab",
        "repositoryURL": "https://github.com/useradgents/slab.git",
        "state": {
          "branch": null,
          "revision": "48fad86a74290886d482246d7ecc22ca2e3a7baa",
          "version": "1.0.2"
        }
      }
    ]
  },
  "version": 1
}
